
Microsoft Visual Studio Solution File, Format Version 12.00
# Visual Studio Version 16
VisualStudioVersion = 16.0.30611.23
MinimumVisualStudioVersion = 10.0.40219.1
Project("{FAE04EC0-301F-11D3-BF4B-00C04F79EFBC}") = "ABCinstitute", "ABCinstitute\ABCinstitute.csproj", "{418FD3A8-51AE-4F76-B130-42727DFF4548}"
EndProject
Project("{54435603-DBB4-11D2-8724-00A0C9A8B90C}") = "ABCInstaller", "ABCInstaller\ABCInstaller.vdproj", "{49802C9C-DBED-455C-A714-E963A67766FD}"
EndProject
Global
	GlobalSection(SolutionConfigurationPlatforms) = preSolution
		Debug|Any CPU = Debug|Any CPU
		Release|Any CPU = Release|Any CPU
	EndGlobalSection
	GlobalSection(ProjectConfigurationPlatforms) = postSolution
		{418FD3A8-51AE-4F76-B130-42727DFF4548}.Debug|Any CPU.ActiveCfg = Debug|Any CPU
		{418FD3A8-51AE-4F76-B130-42727DFF4548}.Debug|Any CPU.Build.0 = Debug|Any CPU
		{418FD3A8-51AE-4F76-B130-42727DFF4548}.Release|Any CPU.ActiveCfg = Release|Any CPU
		{418FD3A8-51AE-4F76-B130-42727DFF4548}.Release|Any CPU.Build.0 = Release|Any CPU
		{49802C9C-DBED-455C-A714-E963A67766FD}.Debug|Any CPU.ActiveCfg = Debug
		{49802C9C-DBED-455C-A714-E963A67766FD}.Release|Any CPU.ActiveCfg = Release
	EndGlobalSection
	GlobalSection(SolutionProperties) = preSolution
		HideSolutionNode = FALSE
	EndGlobalSection
	GlobalSection(ExtensibilityGlobals) = postSolution
		SolutionGuid = {85A0ED55-7EC2-45E9-B4D0-341B0450F4FC}
	EndGlobalSection
EndGlobal
